{
  "name": "github-action-lambda",
  "version": "1.0.0",
  "lockfileVersion": 2,
  "requires": true,
  "packages": {
    "": {
      "name": "github-action-lambda",
      "version": "1.0.0",
      "license": "ISC",
      "dependencies": {
        "lodash": "^4.17.20",
        "typescript": "^4.1.3"
      },
      "devDependencies": {
        "@types/aws-lambda": "^8.10.71",
        "@types/lodash": "^4.14.168",
        "@types/node": "^14.14.22",
        "@vercel/ncc": "^0.27.0"
      }
    },
    "node_modules/@types/aws-lambda": {
      "version": "8.10.107",
      "resolved": "https://registry.npmjs.org/@types/aws-lambda/-/aws-lambda-8.10.107.tgz",
      "integrity": "sha512-UTI9ZPw4VzvgYUJ7gUU77/ovGrIniRRWiMWxms5dP+1fsxNPeP/cOopQ0mxXPc9NvbeROcDUDN34m8eEhdEitg==",
      "dev": true
    },
    "node_modules/@types/lodash": {
      "version": "4.14.186",
      "resolved": "https://registry.npmjs.org/@types/lodash/-/lodash-4.14.186.tgz",
      "integrity": "sha512-eHcVlLXP0c2FlMPm56ITode2AgLMSa6aJ05JTTbYbI+7EMkCEE5qk2E41d5g2lCVTqRe0GnnRFurmlCsDODrPw==",
      "dev": true
    },
    "node_modules/@types/node": {
      "version": "14.18.32",
      "resolved": "https://registry.npmjs.org/@types/node/-/node-14.18.32.tgz",
      "integrity": "sha512-Y6S38pFr04yb13qqHf8uk1nHE3lXgQ30WZbv1mLliV9pt0NjvqdWttLcrOYLnXbOafknVYRHZGoMSpR9UwfYow==",
      "dev": true
    },
    "node_modules/@vercel/ncc": {
      "version": "0.27.0",
      "resolved": "https://registry.npmjs.org/@vercel/ncc/-/ncc-0.27.0.tgz",
      "integrity": "sha512-DllIJQapnU2YwewIhh/4dYesmMQw3h2cFtabECc/zSJHqUbNa0eJuEkRa6DXbZvh1YPWBtYQoPV17NlDpBw1Vw==",
      "dev": true,
      "bin": {
        "ncc": "dist/ncc/cli.js"
      }
    },
    "node_modules/lodash": {
      "version": "4.17.21",
      "resolved": "https://registry.npmjs.org/lodash/-/lodash-4.17.21.tgz",
      "integrity": "sha512-v2kDEe57lecTulaDIuNTPy3Ry4gLGJ6Z1O3vE1krgXZNrsQ+LFTGHVxVjcXPs17LhbZVGedAJv8XZ1tvj5FvSg=="
    },
    "node_modules/typescript": {
      "version": "4.8.4",
      "resolved": "https://registry.npmjs.org/typescript/-/typescript-4.8.4.tgz",
      "integrity": "sha512-QCh+85mCy+h0IGff8r5XWzOVSbBO+KfeYrMQh7NJ58QujwcE22u+NUSmUxqF+un70P9GXKxa2HCNiTTMJknyjQ==",
      "bin": {
        "tsc": "bin/tsc",
        "tsserver": "bin/tsserver"
      },
      "engines": {
        "node": ">=4.2.0"
      }
    }
  },
  "dependencies": {
    "@types/aws-lambda": {
      "version": "8.10.107",
      "resolved": "https://registry.npmjs.org/@types/aws-lambda/-/aws-lambda-8.10.107.tgz",
      "integrity": "sha512-UTI9ZPw4VzvgYUJ7gUU77/ovGrIniRRWiMWxms5dP+1fsxNPeP/cOopQ0mxXPc9NvbeROcDUDN34m8eEhdEitg==",
      "dev": true
    },
    "@types/lodash": {
      "version": "4.14.186",
      "resolved": "https://registry.npmjs.org/@types/lodash/-/lodash-4.14.186.tgz",
      "integrity": "sha512-eHcVlLXP0c2FlMPm56ITode2AgLMSa6aJ05JTTbYbI+7EMkCEE5qk2E41d5g2lCVTqRe0GnnRFurmlCsDODrPw==",
      "dev": true
    },
    "@types/node": {
      "version": "14.18.32",
      "resolved": "https://registry.npmjs.org/@types/node/-/node-14.18.32.tgz",
      "integrity": "sha512-Y6S38pFr04yb13qqHf8uk1nHE3lXgQ30WZbv1mLliV9pt0NjvqdWttLcrOYLnXbOafknVYRHZGoMSpR9UwfYow==",
      "dev": true
    },
    "@vercel/ncc": {
      "version": "0.27.0",
      "resolved": "https://registry.npmjs.org/@vercel/ncc/-/ncc-0.27.0.tgz",
      "integrity": "sha512-DllIJQapnU2YwewIhh/4dYesmMQw3h2cFtabECc/zSJHqUbNa0eJuEkRa6DXbZvh1YPWBtYQoPV17NlDpBw1Vw==",
      "dev": true
    },
    "lodash": {
      "version": "4.17.21",
      "resolved": "https://registry.npmjs.org/lodash/-/lodash-4.17.21.tgz",
      "integrity": "sha512-v2kDEe57lecTulaDIuNTPy3Ry4gLGJ6Z1O3vE1krgXZNrsQ+LFTGHVxVjcXPs17LhbZVGedAJv8XZ1tvj5FvSg=="
    },
    "typescript": {
      "version": "4.8.4",
      "resolved": "https://registry.npmjs.org/typescript/-/typescript-4.8.4.tgz",
      "integrity": "sha512-QCh+85mCy+h0IGff8r5XWzOVSbBO+KfeYrMQh7NJ58QujwcE22u+NUSmUxqF+un70P9GXKxa2HCNiTTMJknyjQ=="
    }
  }
}
